# This file is autogenerated, do not edit; changes may be undone by the next 'dep ensure'.


[[projects]]
  name = "github.com/ryanuber/columnize"
  packages = ["."]
  revision = "983d3a5fab1bf04d1b412465d2d9f8430e2e917e"
  version = "v2.1.0"

[solve-meta]
  analyzer-name = "dep"
  analyzer-version = 1
  inputs-digest = "6713efd1009d9d0c3b1129de573e910cdb6c6117062a33ed8a3bf91294d3c1ba"
  solver-name = "gps-cdcl"
  solver-version = 1
